{
  "name": "pastecal",
  "version": "0.0.0",
  "lockfileVersion": 3,
  "requires": true,
  "packages": {
    "": {
      "name": "pastecal",
      "version": "0.0.0",
      "hasInstallScript": true,
      "devDependencies": {
        "@playwright/test": "^1.60.0",
        "@syncfusion/ej2": "23.2.6",
        "chrono-node": "1.4.9"
      },
      "engines": {
        "node": ">=20 <23"
      }
    },
    "node_modules/@playwright/test": {
      "version": "1.60.0",
      "resolved": "https://registry.npmjs.org/@playwright/test/-/test-1.60.0.tgz",
      "integrity": "sha512-O71yZIbAh/PxDMNGns37GHBIfrVkEVyn+AXyIa5dOTfb4/xNvRWV+Vv/NMbNCtODB/pO7vLlF2OTmMVLhmr7Ag==",
      "dev": true,
      "license": "Apache-2.0",
      "dependencies": {
        "playwright": "1.60.0"
      },
      "bin": {
        "playwright": "cli.js"
      },
      "engines": {
        "node": ">=18"
      }
    },
    "node_modules/@syncfusion/ej2": {
      "version": "23.2.6",
      "resolved": "https://registry.npmjs.org/@syncfusion/ej2/-/ej2-23.2.6.tgz",
      "integrity": "sha512-lgBF64pH+lsvZwWQIitDAhgKcRjD9FnW7KQdeJgN7WzrANAS65OX1U0GwgK745ljE/GgcYYaABz/E3CjzuiyOQ==",
      "dev": true,
      "license": "SEE LICENSE IN license",
      "dependencies": {
        "@syncfusion/ej2-barcode-generator": "~23.2.6",
        "@syncfusion/ej2-base": "~23.2.6",
        "@syncfusion/ej2-buttons": "~23.2.4",
        "@syncfusion/ej2-calendars": "~23.2.6",
        "@syncfusion/ej2-charts": "~23.2.6",
        "@syncfusion/ej2-circulargauge": "~23.2.4",
        "@syncfusion/ej2-compression": "~23.2.4",
        "@syncfusion/ej2-data": "~23.2.4",
        "@syncfusion/ej2-diagrams": "~23.2.6",
        "@syncfusion/ej2-documenteditor": "~23.2.6",
        "@syncfusion/ej2-drawings": "~23.2.6",
        "@syncfusion/ej2-dropdowns": "~23.2.6",
        "@syncfusion/ej2-excel-export": "~23.2.4",
        "@syncfusion/ej2-file-utils": "~23.2.4",
        "@syncfusion/ej2-filemanager": "~23.2.6",
        "@syncfusion/ej2-gantt": "~23.2.5",
        "@syncfusion/ej2-grids": "~23.2.6",
        "@syncfusion/ej2-heatmap": "~23.2.4",
        "@syncfusion/ej2-icons": "~23.2.4",
        "@syncfusion/ej2-image-editor": "~23.2.6",
        "@syncfusion/ej2-inplace-editor": "~23.2.5",
        "@syncfusion/ej2-inputs": "~23.2.4",
        "@syncfusion/ej2-kanban": "~23.2.4",
        "@syncfusion/ej2-layouts": "~23.2.4",
        "@syncfusion/ej2-lineargauge": "~23.2.4",
        "@syncfusion/ej2-lists": "~23.2.4",
        "@syncfusion/ej2-maps": "~23.2.4",
        "@syncfusion/ej2-navigations": "~23.2.5",
        "@syncfusion/ej2-notifications": "~23.2.5",
        "@syncfusion/ej2-office-chart": "~23.2.4",
        "@syncfusion/ej2-pdf": "~23.2.6",
        "@syncfusion/ej2-pdf-export": "~23.2.6",
        "@syncfusion/ej2-pdfviewer": "~23.2.6",
        "@syncfusion/ej2-pivotview": "~23.2.6",
        "@syncfusion/ej2-popups": "~23.2.4",
        "@syncfusion/ej2-progressbar": "~23.2.6",
        "@syncfusion/ej2-querybuilder": "~23.2.4",
        "@syncfusion/ej2-ribbon": "~23.2.5",
        "@syncfusion/ej2-richtexteditor": "~23.2.6",
        "@syncfusion/ej2-schedule": "~23.2.4",
        "@syncfusion/ej2-splitbuttons": "~23.2.4",
        "@syncfusion/ej2-spreadsheet": "~23.2.6",
        "@syncfusion/ej2-svg-base": "~23.2.5",
        "@syncfusion/ej2-treegrid": "~23.2.6",
        "@syncfusion/ej2-treemap": "~23.2.4",
        "@types/lodash": "4.14.159",
        "@types/node": "18.11.11",
        "sass": "1.51.0",
        "tslib": "^1.8.0",
        "typescript": "^3.8.2"
      }
    },
    "node_modules/@syncfusion/ej2-barcode-generator": {
      "version": "23.2.7",
      "resolved": "https://registry.npmjs.org/@syncfusion/ej2-barcode-generator/-/ej2-barcode-generator-23.2.7.tgz",
      "integrity": "sha512-2gkFdOzvjsubgDepPth3D/nhMhpQ21SNnaj09iPv/SM4EOaOfbHtUaKDIxG+COxZnp5wNUyDuok4YAb3auppZw==",
      "dev": true,
      "license": "SEE LICENSE IN license",
      "dependencies": {
        "@syncfusion/ej2-base": "~23.2.6",
        "@syncfusion/ej2-data": "~23.2.4"
      }
    },
    "node_modules/@syncfusion/ej2-base": {
      "version": "23.2.6",
      "resolved": "https://registry.npmjs.org/@syncfusion/ej2-base/-/ej2-base-23.2.6.tgz",
      "integrity": "sha512-EuMzCLpSSuRrslC03Kilim7Vdu1Kc5x5cYTEyXef1lYsWKjAiewqI/bvD4kqdTClaxtl+TcNfjQHEngYhuIU6w==",
      "dev": true,
      "license": "SEE LICENSE IN license",
      "dependencies": {
        "@syncfusion/ej2-icons": "~23.2.4"
      },
      "bin": {
        "syncfusion-license": "bin/syncfusion-license.js"
      }
    },
    "node_modules/@syncfusion/ej2-buttons": {
      "version": "23.2.7",
      "resolved": "https://registry.npmjs.org/@syncfusion/ej2-buttons/-/ej2-buttons-23.2.7.tgz",
      "integrity": "sha512-a7/NHBABXTYs5s4uIOokKVvh29DzS86yH9G9qZfqfhfgUvoO4LDg8HY2ifshM5b2Zun8cyP6OgNoPBZRGjy67g==",
      "dev": true,
      "license": "SEE LICENSE IN license",
      "dependencies": {
        "@syncfusion/ej2-base": "~23.2.6"
      }
    },
    "node_modules/@syncfusion/ej2-calendars": {
      "version": "23.2.7",
      "resolved": "https://registry.npmjs.org/@syncfusion/ej2-calendars/-/ej2-calendars-23.2.7.tgz",
      "integrity": "sha512-06/hPO2JGyiNSGNNLQCMkpsoCdswt8qtkCV7ryfi77xGWnvU585kDroW+5Yu7dRV6N0KNlaXApRlRxzvDYj9kQ==",
      "dev": true,
      "license": "SEE LICENSE IN license",
      "dependencies": {
        "@syncfusion/ej2-base": "~23.2.6",
        "@syncfusion/ej2-buttons": "~23.2.7",
        "@syncfusion/ej2-inputs": "~23.2.4",
        "@syncfusion/ej2-lists": "~23.2.4",
        "@syncfusion/ej2-popups": "~23.2.4"
      }
    },
    "node_modules/@syncfusion/ej2-charts": {
      "version": "23.2.7",
      "resolved": "https://registry.npmjs.org/@syncfusion/ej2-charts/-/ej2-charts-23.2.7.tgz",
      "integrity": "sha512-01Bkt5mZDojGCtk2falOC3ZT1J2qY0ZurKP/ezM01qHQhoEhXT+7VPM3NgnNZCINFBqjo1r4ABgKyr3VcvVgtg==",
      "dev": true,
      "license": "SEE LICENSE IN license",
      "dependencies": {
        "@syncfusion/ej2-base": "~23.2.6",
        "@syncfusion/ej2-calendars": "~23.2.7",
        "@syncfusion/ej2-compression": "~23.2.4",
        "@syncfusion/ej2-data": "~23.2.4",
        "@syncfusion/ej2-excel-export": "~23.2.4",
        "@syncfusion/ej2-file-utils": "~23.2.4",
        "@syncfusion/ej2-navigations": "~23.2.7",
        "@syncfusion/ej2-pdf-export": "~23.2.6",
        "@syncfusion/ej2-svg-base": "~23.2.5"
      }
    },
    "node_modules/@syncfusion/ej2-circulargauge": {
      "version": "23.2.4",
      "resolved": "https://registry.npmjs.org/@syncfusion/ej2-circulargauge/-/ej2-circulargauge-23.2.4.tgz",
      "integrity": "sha512-m/zARQIrCHk0YG4TnBN3Ghbpx7cECmL8SGmjSAlkXKbYFkH6v+qUXKrdsQnGHxRmp09H0uKDhwB3tfo9CZsvaw==",
      "dev": true,
      "license": "SEE LICENSE IN license",
      "dependencies": {
        "@syncfusion/ej2-base": "~23.2.4",
        "@syncfusion/ej2-pdf-export": "~23.2.4",
        "@syncfusion/ej2-svg-base": "~23.2.4"
      }
    },
    "node_modules/@syncfusion/ej2-compression": {
      "version": "23.2.4",
      "resolved": "https://registry.npmjs.org/@syncfusion/ej2-compression/-/ej2-compression-23.2.4.tgz",
      "integrity": "sha512-F7ugnMo/nysFyP6sJGou0/DhIMBF/fCR9FS0Himv0CVxuFXWBIWv3+TdmIVP+8TVGvlA3zmskutJcSdxCM3InA==",
      "dev": true,
      "license": "SEE LICENSE IN license",
      "dependencies": {
        "@syncfusion/ej2-file-utils": "~23.2.4"
      }
    },
    "node_modules/@syncfusion/ej2-data": {
      "version": "23.2.4",
      "resolved": "https://registry.npmjs.org/@syncfusion/ej2-data/-/ej2-data-23.2.4.tgz",
      "integrity": "sha512-hVTo3pNOXLYgd5Au2E5AMUzeqstbwvqzr68bxgQoJJWjKd/hD3bKOQiPHaPbS8wvKgzs4mQ6rt/OuwoLErXALQ==",
      "dev": true,
      "license": "SEE LICENSE IN license",
      "dependencies": {
        "@syncfusion/ej2-base": "~23.2.4"
      }
    },
    "node_modules/@syncfusion/ej2-diagrams": {
      "version": "23.2.7",
      "resolved": "https://registry.npmjs.org/@syncfusion/ej2-diagrams/-/ej2-diagrams-23.2.7.tgz",
      "integrity": "sha512-oRicgi2glUFyUbJqfVMSghh+tm5+YXY1tSU9vxNruweo8McKd9raAf4hGnNrCLbkBjR7p5k+IiojhIjCXxNnFg==",
      "dev": true,
      "license": "SEE LICENSE IN license",
      "dependencies": {
        "@syncfusion/ej2-base": "~23.2.6",
        "@syncfusion/ej2-buttons": "~23.2.7",
        "@syncfusion/ej2-data": "~23.2.4",
        "@syncfusion/ej2-inputs": "~23.2.4",
        "@syncfusion/ej2-lists": "~23.2.4",
        "@syncfusion/ej2-navigations": "~23.2.7",
        "@syncfusion/ej2-popups": "~23.2.4"
      }
    },
    "node_modules/@syncfusion/ej2-documenteditor": {
      "version": "23.2.7",
      "resolved": "https://registry.npmjs.org/@syncfusion/ej2-documenteditor/-/ej2-documenteditor-23.2.7.tgz",
      "integrity": "sha512-fxKquymSbSfA/BQpIPYeprbmnDPIK++KHolc2FVR4i/5Nsqj0JdylxLBQl+VkCgR8GVZAUUM21E7JlNgirpJ8g==",
      "dev": true,
      "license": "SEE LICENSE IN license",
      "dependencies": {
        "@syncfusion/ej2-base": "~23.2.6",
        "@syncfusion/ej2-buttons": "~23.2.4",
        "@syncfusion/ej2-calendars": "~23.2.6",
        "@syncfusion/ej2-compression": "~23.2.4",
        "@syncfusion/ej2-dropdowns": "~23.2.6",
        "@syncfusion/ej2-file-utils": "~23.2.4",
        "@syncfusion/ej2-inputs": "~23.2.4",
        "@syncfusion/ej2-navigations": "~23.2.5",
        "@syncfusion/ej2-office-chart": "~23.2.4",
        "@syncfusion/ej2-popups": "~23.2.4",
        "@syncfusion/ej2-splitbuttons": "~23.2.4"
      }
    },
    "node_modules/@syncfusion/ej2-drawings": {
      "version": "23.2.7",
      "resolved": "https://registry.npmjs.org/@syncfusion/ej2-drawings/-/ej2-drawings-23.2.7.tgz",
      "integrity": "sha512-Kqz+Ekyl1pI3yLAwuGEiMNbL7N/QGhrXXM35ovjLE2xhoYKByQdD5ldNAzMPt7Zwg16lQ+IooCAPVt5S1+vP1w==",
      "dev": true,
      "license": "SEE LICENSE IN license",
      "dependencies": {
        "@syncfusion/ej2-base": "~23.2.6",
        "@syncfusion/ej2-data": "~23.2.4"
      }
    },
    "node_modules/@syncfusion/ej2-dropdowns": {
      "version": "23.2.7",
      "resolved": "https://registry.npmjs.org/@syncfusion/ej2-dropdowns/-/ej2-dropdowns-23.2.7.tgz",
      "integrity": "sha512-KTYH5i128hP1N8kxPXT40qOzyLgz6q5UfEgIhI2UBDtxay4JK6X1dbsVomZIEpukQrrxUeV0dxn7OvAKy8nL0w==",
      "dev": true,
      "license": "SEE LICENSE IN license",
      "dependencies": {
        "@syncfusion/ej2-base": "~23.2.6",
        "@syncfusion/ej2-data": "~23.2.4",
        "@syncfusion/ej2-inputs": "~23.2.4",
        "@syncfusion/ej2-lists": "~23.2.4",
        "@syncfusion/ej2-navigations": "~23.2.7",
        "@syncfusion/ej2-notifications": "~23.2.5",
        "@syncfusion/ej2-popups": "~23.2.4"
      }
    },
    "node_modules/@syncfusion/ej2-excel-export": {
      "version": "23.2.4",
      "resolved": "https://registry.npmjs.org/@syncfusion/ej2-excel-export/-/ej2-excel-export-23.2.4.tgz",
      "integrity": "sha512-V9XgASYgqTSRvGRe6gvqBgcLyjW50PbTmr7zvIMgCbSFotmxf+GCMZTLYu5dfiLNm2uHPforoGt7Z9NmtA7e1Q==",
      "dev": true,
      "license": "SEE LICENSE IN license",
      "dependencies": {
        "@syncfusion/ej2-base": "~23.2.4",
        "@syncfusion/ej2-compression": "~23.2.4"
      }
    },
    "node_modules/@syncfusion/ej2-file-utils": {
      "version": "23.2.4",
      "resolved": "https://registry.npmjs.org/@syncfusion/ej2-file-utils/-/ej2-file-utils-23.2.4.tgz",
      "integrity": "sha512-Y05b9ewKbURmd7oe+Yc3kPM+5xH3Q3cAFsqSDTRisHMA6JL0BNM+U43GKj3D239JlXMp/wdZO3lkcxIkHGdyoQ==",
      "dev": true,
      "license": "SEE LICENSE IN license"
    },
    "node_modules/@syncfusion/ej2-filemanager": {
      "version": "23.2.6",
      "resolved": "https://registry.npmjs.org/@syncfusion/ej2-filemanager/-/ej2-filemanager-23.2.6.tgz",
      "integrity": "sha512-RnosKgXaPOiaPyhghlfN4taZ+3OyBmAZJV4MckqTuYTnYQtsTjAN6i2oHcZJGGZZHCR0ELGRAp6G2alJm5uP2Q==",
      "dev": true,
      "license": "SEE LICENSE IN license",
      "dependencies": {
        "@syncfusion/ej2-base": "~23.2.6",
        "@syncfusion/ej2-buttons": "~23.2.4",
        "@syncfusion/ej2-data": "~23.2.4",
        "@syncfusion/ej2-grids": "~23.2.6",
        "@syncfusion/ej2-inputs": "~23.2.4",
        "@syncfusion/ej2-layouts": "~23.2.4",
        "@syncfusion/ej2-lists": "~23.2.4",
        "@syncfusion/ej2-navigations": "~23.2.5",
        "@syncfusion/ej2-popups": "~23.2.4",
        "@syncfusion/ej2-splitbuttons": "~23.2.4"
      }
    },
    "node_modules/@syncfusion/ej2-gantt": {
      "version": "23.2.7",
      "resolved": "https://registry.npmjs.org/@syncfusion/ej2-gantt/-/ej2-gantt-23.2.7.tgz",
      "integrity": "sha512-3/1wXR/fxyUCP23AaN22F/sDj1ZGhmbhcvu3s9R/ZQyl0hmrjRVuybxzhOlwjfs7SapfcRBQfiM2JBMyrKh6vA==",
      "dev": true,
      "license": "SEE LICENSE IN license",
      "dependencies": {
        "@syncfusion/ej2-base": "~23.2.6",
        "@syncfusion/ej2-buttons": "~23.2.7",
        "@syncfusion/ej2-calendars": "~23.2.7",
        "@syncfusion/ej2-data": "~23.2.4",
        "@syncfusion/ej2-dropdowns": "~23.2.7",
        "@syncfusion/ej2-grids": "~23.2.7",
        "@syncfusion/ej2-inputs": "~23.2.4",
        "@syncfusion/ej2-layouts": "~23.2.4",
        "@syncfusion/ej2-lists": "~23.2.4",
        "@syncfusion/ej2-navigations": "~23.2.7",
        "@syncfusion/ej2-notifications": "~23.2.5",
        "@syncfusion/ej2-popups": "~23.2.4",
        "@syncfusion/ej2-richtexteditor": "~23.2.7",
        "@syncfusion/ej2-svg-base": "~23.2.5",
        "@syncfusion/ej2-treegrid": "~23.2.7"
      }
    },
    "node_modules/@syncfusion/ej2-grids": {
      "version": "23.2.7",
      "resolved": "https://registry.npmjs.org/@syncfusion/ej2-grids/-/ej2-grids-23.2.7.tgz",
      "integrity": "sha512-AosDOEaTf5FAq1Te6+10CuN/7hhqY39La4tI7WdtkDnM4JKYl92eJrD/0JuB+qkk00GdbMiQOz6/0/0ZXI6kGQ==",
      "dev": true,
      "license": "SEE LICENSE IN license",
      "dependencies": {
        "@syncfusion/ej2-base": "~23.2.6",
        "@syncfusion/ej2-buttons": "~23.2.7",
        "@syncfusion/ej2-calendars": "~23.2.7",
        "@syncfusion/ej2-compression": "~23.2.4",
        "@syncfusion/ej2-data": "~23.2.4",
        "@syncfusion/ej2-dropdowns": "~23.2.7",
        "@syncfusion/ej2-excel-export": "~23.2.4",
        "@syncfusion/ej2-file-utils": "~23.2.4",
        "@syncfusion/ej2-inputs": "~23.2.4",
        "@syncfusion/ej2-lists": "~23.2.4",
        "@syncfusion/ej2-navigations": "~23.2.7",
        "@syncfusion/ej2-notifications": "~23.2.5",
        "@syncfusion/ej2-pdf-export": "~23.2.6",
        "@syncfusion/ej2-popups": "~23.2.4",
        "@syncfusion/ej2-splitbuttons": "~23.2.4"
      }
    },
    "node_modules/@syncfusion/ej2-heatmap": {
      "version": "23.2.4",
      "resolved": "https://registry.npmjs.org/@syncfusion/ej2-heatmap/-/ej2-heatmap-23.2.4.tgz",
      "integrity": "sha512-JiZVoWSRwusznnDEAHaZj9jsGpHPDDfymTEThud91hOhjECfef7xAQqPb8BAYeFokyUBQxHl80iGLxGn00/56Q==",
      "dev": true,
      "license": "SEE LICENSE IN license",
      "dependencies": {
        "@syncfusion/ej2-base": "~23.2.4",
        "@syncfusion/ej2-compression": "~23.2.4",
        "@syncfusion/ej2-data": "~23.2.4",
        "@syncfusion/ej2-file-utils": "~23.2.4",
        "@syncfusion/ej2-pdf-export": "~23.2.4",
        "@syncfusion/ej2-svg-base": "~23.2.4"
      }
    },
    "node_modules/@syncfusion/ej2-icons": {
      "version": "23.2.4",
      "resolved": "https://registry.npmjs.org/@syncfusion/ej2-icons/-/ej2-icons-23.2.4.tgz",
      "integrity": "sha512-uWQ0RoFNw85jVn3LvRn2pcsW22aajJ5jQ8CP3Kn98lTbtHag+XL4b3qVkCzPDbgXGMPyc+IUuHz4JXly+wcv2Q==",
      "dev": true,
      "license": "SEE LICENSE IN license"
    },
    "node_modules/@syncfusion/ej2-image-editor": {
      "version": "23.2.7",
      "resolved": "https://registry.npmjs.org/@syncfusion/ej2-image-editor/-/ej2-image-editor-23.2.7.tgz",
      "integrity": "sha512-N+Jbk0NCXv955XEkBj3dzwDIjFWnZQcGUApWZWUAV5pza0+wyKM9oGRH8UMhgZdCp4+ymiUnCb8N3l7LBu+G3Q==",
      "dev": true,
      "license": "SEE LICENSE IN license",
      "dependencies": {
        "@syncfusion/ej2-base": "~23.2.6",
        "@syncfusion/ej2-buttons": "~23.2.7",
        "@syncfusion/ej2-inputs": "~23.2.4",
        "@syncfusion/ej2-navigations": "~23.2.7",
        "@syncfusion/ej2-popups": "~23.2.4",
        "@syncfusion/ej2-splitbuttons": "~23.2.4"
      }
    },
    "node_modules/@syncfusion/ej2-inplace-editor": {
      "version": "23.2.5",
      "resolved": "https://registry.npmjs.org/@syncfusion/ej2-inplace-editor/-/ej2-inplace-editor-23.2.5.tgz",
      "integrity": "sha512-4CFonXVcBRTFEvPUkKoDqeuXkPOHY8zjkWoZjzqhcAsSU6e7s7hfbo+oPhEiyepCEdnAwkWOxmu34sN7qJFvQQ==",
      "dev": true,
      "license": "SEE LICENSE IN license",
      "dependencies": {
        "@syncfusion/ej2-base": "~23.2.4",
        "@syncfusion/ej2-buttons": "~23.2.4",
        "@syncfusion/ej2-calendars": "~23.2.4",
        "@syncfusion/ej2-data": "~23.2.4",
        "@syncfusion/ej2-dropdowns": "~23.2.5",
        "@syncfusion/ej2-inputs": "~23.2.4",
        "@syncfusion/ej2-lists": "~23.2.4",
        "@syncfusion/ej2-navigations": "~23.2.5",
        "@syncfusion/ej2-notifications": "~23.2.5",
        "@syncfusion/ej2-popups": "~23.2.4",
        "@syncfusion/ej2-richtexteditor": "~23.2.5",
        "@syncfusion/ej2-splitbuttons": "~23.2.4"
      }
    },
    "node_modules/@syncfusion/ej2-inputs": {
      "version": "23.2.4",
      "resolved": "https://registry.npmjs.org/@syncfusion/ej2-inputs/-/ej2-inputs-23.2.4.tgz",
      "integrity": "sha512-GfMuQAHy7spiJxN8nyJLqqXqFeZXxMa5t1/x3fKXj1NkmIFDkWzCmPmhiclZh1zr4PtflK6m/EKDyirUSdTv3g==",
      "dev": true,
      "license": "SEE LICENSE IN license",
      "dependencies": {
        "@syncfusion/ej2-base": "~23.2.4",
        "@syncfusion/ej2-buttons": "~23.2.4",
        "@syncfusion/ej2-popups": "~23.2.4",
        "@syncfusion/ej2-splitbuttons": "~23.2.4"
      }
    },
    "node_modules/@syncfusion/ej2-kanban": {
      "version": "23.2.4",
      "resolved": "https://registry.npmjs.org/@syncfusion/ej2-kanban/-/ej2-kanban-23.2.4.tgz",
      "integrity": "sha512-mn9eII22yoj5lw/bWusbn0rkU549cG5d7MlloGIHm8UdYV8VlhtSVqOaJIIO+AOSl/ZCPxXeHA2sYddxhVIP3g==",
      "dev": true,
      "license": "SEE LICENSE IN license",
      "dependencies": {
        "@syncfusion/ej2-base": "~23.2.4",
        "@syncfusion/ej2-buttons": "~23.2.4",
        "@syncfusion/ej2-data": "~23.2.4",
        "@syncfusion/ej2-dropdowns": "~23.2.4",
        "@syncfusion/ej2-inputs": "~23.2.4",
        "@syncfusion/ej2-layouts": "~23.2.4",
        "@syncfusion/ej2-navigations": "~23.2.4",
        "@syncfusion/ej2-notifications": "~23.2.4",
        "@syncfusion/ej2-popups": "~23.2.4"
      }
    },
    "node_modules/@syncfusion/ej2-layouts": {
      "version": "23.2.4",
      "resolved": "https://registry.npmjs.org/@syncfusion/ej2-layouts/-/ej2-layouts-23.2.4.tgz",
      "integrity": "sha512-kTMsWfN8JNryzCpqoM/rbUqGGZRpSHID1N1a2cJVsCupjTGcot6L7bqj/MLOSbJzPhNoXT1lWDuwviN1pB1OCg==",
      "dev": true,
      "license": "SEE LICENSE IN license",
      "dependencies": {
        "@syncfusion/ej2-base": "~23.2.4"
      }
    },
    "node_modules/@syncfusion/ej2-lineargauge": {
      "version": "23.2.4",
      "resolved": "https://registry.npmjs.org/@syncfusion/ej2-lineargauge/-/ej2-lineargauge-23.2.4.tgz",
      "integrity": "sha512-kAYATKlQGk6WgsKydfLRehOVgjmjTccQ151M0fR5E154aRqw3aXx4hDIfsXFJuuomDX5UCVRCqKm/m2VSeDn2Q==",
      "dev": true,
      "license": "SEE LICENSE IN license",
      "dependencies": {
        "@syncfusion/ej2-base": "~23.2.4",
        "@syncfusion/ej2-pdf-export": "~23.2.4",
        "@syncfusion/ej2-svg-base": "~23.2.4"
      }
    },
    "node_modules/@syncfusion/ej2-lists": {
      "version": "23.2.4",
      "resolved": "https://registry.npmjs.org/@syncfusion/ej2-lists/-/ej2-lists-23.2.4.tgz",
      "integrity": "sha512-sBH/BRqUftRl+k8tF16aVX+9UD6ECoNPxLh4BRRXCuqw+VzKCyb9xVBLdqLjcU/3JLCHX9tc3X3OFtTMtk3nNw==",
      "dev": true,
      "license": "SEE LICENSE IN license",
      "dependencies": {
        "@syncfusion/ej2-base": "~23.2.4",
        "@syncfusion/ej2-buttons": "~23.2.4",
        "@syncfusion/ej2-data": "~23.2.4"
      }
    },
    "node_modules/@syncfusion/ej2-maps": {
      "version": "23.2.7",
      "resolved": "https://registry.npmjs.org/@syncfusion/ej2-maps/-/ej2-maps-23.2.7.tgz",
      "integrity": "sha512-taX5D/TKoP29xlDtMvB4gSLyoo84yZyrPciB6633To7gm3dVc5yyS0bON/WbZqT/GUBuDvQHa6VxA8UJc1NnTg==",
      "dev": true,
      "license": "SEE LICENSE IN license",
      "dependencies": {
        "@syncfusion/ej2-base": "~23.2.6",
        "@syncfusion/ej2-buttons": "~23.2.7",
        "@syncfusion/ej2-compression": "~23.2.4",
        "@syncfusion/ej2-data": "~23.2.4",
        "@syncfusion/ej2-file-utils": "~23.2.4",
        "@syncfusion/ej2-pdf-export": "~23.2.6",
        "@syncfusion/ej2-svg-base": "~23.2.5"
      }
    },
    "node_modules/@syncfusion/ej2-navigations": {
      "version": "23.2.7",
      "resolved": "https://registry.npmjs.org/@syncfusion/ej2-navigations/-/ej2-navigations-23.2.7.tgz",
      "integrity": "sha512-Pp0R6SOemct5XVBPHwJRtO7GCJvyg45CzEJ0tjyhAxvH951ntulZ3DbEVS+zQOTSjlfinna+XzZ9ykCvOFIK8Q==",
      "dev": true,
      "license": "SEE LICENSE IN license",
      "dependencies": {
        "@syncfusion/ej2-base": "~23.2.6",
        "@syncfusion/ej2-buttons": "~23.2.7",
        "@syncfusion/ej2-data": "~23.2.4",
        "@syncfusion/ej2-inputs": "~23.2.4",
        "@syncfusion/ej2-lists": "~23.2.4",
        "@syncfusion/ej2-popups": "~23.2.4"
      }
    },
    "node_modules/@syncfusion/ej2-notifications": {
      "version": "23.2.5",
      "resolved": "https://registry.npmjs.org/@syncfusion/ej2-notifications/-/ej2-notifications-23.2.5.tgz",
      "integrity": "sha512-sS4/qEgwshXB+Qj8emFJHIxgP2VxPpGpq71UU9l4GdIJ1iaDvtSEJAVp8Cxz7i84onmJgXtPj52fsTcD8Z/GoQ==",
      "dev": true,
      "license": "SEE LICENSE IN license",
      "dependencies": {
        "@syncfusion/ej2-base": "~23.2.4",
        "@syncfusion/ej2-buttons": "~23.2.4",
        "@syncfusion/ej2-popups": "~23.2.4"
      }
    },
    "node_modules/@syncfusion/ej2-office-chart": {
      "version": "23.2.4",
      "resolved": "https://registry.npmjs.org/@syncfusion/ej2-office-chart/-/ej2-office-chart-23.2.4.tgz",
      "integrity": "sha512-22XTz1/oQZ96ozp2HP1HNnTHQ0N2b8j8gW54NLclkq1rqamhMChkez2C6NoxLkkUuWtJk+966QLH1/N2s4FcFA==",
      "dev": true,
      "license": "SEE LICENSE IN license",
      "dependencies": {
        "@syncfusion/ej2-charts": "~23.2.4"
      }
    },
    "node_modules/@syncfusion/ej2-pdf": {
      "version": "23.2.6",
      "resolved": "https://registry.npmjs.org/@syncfusion/ej2-pdf/-/ej2-pdf-23.2.6.tgz",
      "integrity": "sha512-fRpfFYCrlMTfbRP5+lQghQBLFpzFpBDd/3q0m67mrV0C9Tl0lhY3pK+v3VHFRan/JdXNlGAC7hPZP3izYaiwXw==",
      "dev": true,
      "license": "SEE LICENSE IN license",
      "dependencies": {
        "@syncfusion/ej2-base": "~23.2.6",
        "@syncfusion/ej2-compression": "~23.2.4"
      }
    },
    "node_modules/@syncfusion/ej2-pdf-export": {
      "version": "23.2.6",
      "resolved": "https://registry.npmjs.org/@syncfusion/ej2-pdf-export/-/ej2-pdf-export-23.2.6.tgz",
      "integrity": "sha512-N6xBXt8YUxzE0yEB55P1Tgr+rqe30qheA/JoSo/mhPOArA62/KxKn+6qnITO+F2/pylLsJkFb7XBv4vkX2S6/w==",
      "dev": true,
      "license": "SEE LICENSE IN license",
      "dependencies": {
        "@syncfusion/ej2-compression": "~23.2.4"
      }
    },
    "node_modules/@syncfusion/ej2-pdfviewer": {
      "version": "23.2.7",
      "resolved": "https://registry.npmjs.org/@syncfusion/ej2-pdfviewer/-/ej2-pdfviewer-23.2.7.tgz",
      "integrity": "sha512-XfYhdhFhto2ippGLRwLL2Ggqv3nlQYn5/QtPXhtuMBpfrCqwvNRlbGLCTWH0mHwhUCBgsxYNxvGc//d96iJ1KQ==",
      "dev": true,
      "license": "SEE LICENSE IN license",
      "dependencies": {
        "@syncfusion/ej2-base": "~23.2.6",
        "@syncfusion/ej2-buttons": "~23.2.7",
        "@syncfusion/ej2-data": "~23.2.4",
        "@syncfusion/ej2-drawings": "~23.2.7",
        "@syncfusion/ej2-dropdowns": "~23.2.7",
        "@syncfusion/ej2-inplace-editor": "~23.2.5",
        "@syncfusion/ej2-inputs": "~23.2.4",
        "@syncfusion/ej2-lists": "~23.2.4",
        "@syncfusion/ej2-navigations": "~23.2.7",
        "@syncfusion/ej2-notifications": "~23.2.5",
        "@syncfusion/ej2-pdf": "~23.2.6",
        "@syncfusion/ej2-popups": "~23.2.4"
      }
    },
    "node_modules/@syncfusion/ej2-pivotview": {
      "version": "23.2.6",
      "resolved": "https://registry.npmjs.org/@syncfusion/ej2-pivotview/-/ej2-pivotview-23.2.6.tgz",
      "integrity": "sha512-87H0gNbzOXGGBIyVa/D48LxAWOO57bnztXyTEVV6t5/FpwSzfQTHnBo4YxqRwhvfrD1BoXLG23FwnwjKJiFQig==",
      "dev": true,
      "license": "SEE LICENSE IN license",
      "dependencies": {
        "@syncfusion/ej2-base": "~23.2.6",
        "@syncfusion/ej2-buttons": "~23.2.4",
        "@syncfusion/ej2-calendars": "~23.2.6",
        "@syncfusion/ej2-charts": "~23.2.6",
        "@syncfusion/ej2-compression": "~23.2.4",
        "@syncfusion/ej2-data": "~23.2.4",
        "@syncfusion/ej2-dropdowns": "~23.2.6",
        "@syncfusion/ej2-excel-export": "~23.2.4",
        "@syncfusion/ej2-file-utils": "~23.2.4",
        "@syncfusion/ej2-grids": "~23.2.6",
        "@syncfusion/ej2-inputs": "~23.2.4",
        "@syncfusion/ej2-lists": "~23.2.4",
        "@syncfusion/ej2-navigations": "~23.2.5",
        "@syncfusion/ej2-pdf-export": "~23.2.6",
        "@syncfusion/ej2-popups": "~23.2.4",
        "@syncfusion/ej2-splitbuttons": "~23.2.4",
        "@syncfusion/ej2-svg-base": "~23.2.5"
      }
    },
    "node_modules/@syncfusion/ej2-popups": {
      "version": "23.2.4",
      "resolved": "https://registry.npmjs.org/@syncfusion/ej2-popups/-/ej2-popups-23.2.4.tgz",
      "integrity": "sha512-ONq3Wf2BKA0u/i6P039nB6GC9/Lh0pIRlYyWj55/A8+4Ct4CVVu/fIDbuQeK+Y2HPAmS+aBhMCPbROl0eicrjw==",
      "dev": true,
      "license": "SEE LICENSE IN license",
      "dependencies": {
        "@syncfusion/ej2-base": "~23.2.4",
        "@syncfusion/ej2-buttons": "~23.2.4"
      }
    },
    "node_modules/@syncfusion/ej2-progressbar": {
      "version": "23.2.6",
      "resolved": "https://registry.npmjs.org/@syncfusion/ej2-progressbar/-/ej2-progressbar-23.2.6.tgz",
      "integrity": "sha512-Mu+V/wuemA0RhIN10d/STeGve495QAFV1XAaq3zQ8ixws+9Y5+NgCDUrfIouUfe6BY7QUV4KmMXcSdKhOlebhQ==",
      "dev": true,
      "license": "SEE LICENSE IN license",
      "dependencies": {
        "@syncfusion/ej2-base": "~23.2.6",
        "@syncfusion/ej2-data": "~23.2.4",
        "@syncfusion/ej2-svg-base": "~23.2.5"
      }
    },
    "node_modules/@syncfusion/ej2-querybuilder": {
      "version": "23.2.7",
      "resolved": "https://registry.npmjs.org/@syncfusion/ej2-querybuilder/-/ej2-querybuilder-23.2.7.tgz",
      "integrity": "sha512-0uS8Owjxq7+xhza/zXzTcIaOKFHds3cddn1pi/GTDxKpCPrS9/usP+tmDrHpIxJlQoJH/JlRz838O1KF4vIK8g==",
      "dev": true,
      "license": "SEE LICENSE IN license",
      "dependencies": {
        "@syncfusion/ej2-base": "~23.2.6",
        "@syncfusion/ej2-buttons": "~23.2.7",
        "@syncfusion/ej2-calendars": "~23.2.7",
        "@syncfusion/ej2-dropdowns": "~23.2.7",
        "@syncfusion/ej2-inputs": "~23.2.4",
        "@syncfusion/ej2-splitbuttons": "~23.2.4"
      }
    },
    "node_modules/@syncfusion/ej2-ribbon": {
      "version": "23.2.7",
      "resolved": "https://registry.npmjs.org/@syncfusion/ej2-ribbon/-/ej2-ribbon-23.2.7.tgz",
      "integrity": "sha512-sO45CVfnzk8uH6aADzwTZjf9Y8R6TXTHp9xPIJwpQwTvHIOHe2kRS+gkSdkQKc0Sbu/iZxnfeFK7+Il35oRUHg==",
      "dev": true,
      "license": "SEE LICENSE IN license",
      "dependencies": {
        "@syncfusion/ej2-base": "~23.2.6",
        "@syncfusion/ej2-buttons": "~23.2.7",
        "@syncfusion/ej2-dropdowns": "~23.2.7",
        "@syncfusion/ej2-lists": "~23.2.4",
        "@syncfusion/ej2-navigations": "~23.2.7",
        "@syncfusion/ej2-popups": "~23.2.4",
        "@syncfusion/ej2-splitbuttons": "~23.2.4"
      }
    },
    "node_modules/@syncfusion/ej2-richtexteditor": {
      "version": "23.2.7",
      "resolved": "https://registry.npmjs.org/@syncfusion/ej2-richtexteditor/-/ej2-richtexteditor-23.2.7.tgz",
      "integrity": "sha512-KOqMsWA87BORvq7uFcBcqgq0sV1Ba5/TQcY278dPiQ5DmC8VTkBp+aXRNfm9i4tMWax8Cr7ecpB5Yk24vuJDtw==",
      "dev": true,
      "license": "SEE LICENSE IN license",
      "dependencies": {
        "@syncfusion/ej2-base": "~23.2.6",
        "@syncfusion/ej2-buttons": "~23.2.7",
        "@syncfusion/ej2-filemanager": "~23.2.6",
        "@syncfusion/ej2-inputs": "~23.2.4",
        "@syncfusion/ej2-navigations": "~23.2.7",
        "@syncfusion/ej2-popups": "~23.2.4",
        "@syncfusion/ej2-splitbuttons": "~23.2.4"
      }
    },
    "node_modules/@syncfusion/ej2-schedule": {
      "version": "23.2.7",
      "resolved": "https://registry.npmjs.org/@syncfusion/ej2-schedule/-/ej2-schedule-23.2.7.tgz",
      "integrity": "sha512-35ih+BtiXtmmaVnGsw0AYxmWe4xdmWMiUytAVs7Z53A7tXI4NlYoqZJz8Z+LYFECXORslaSkQ7q0dr/omGgvZg==",
      "dev": true,
      "license": "SEE LICENSE IN license",
      "dependencies": {
        "@syncfusion/ej2-base": "~23.2.6",
        "@syncfusion/ej2-buttons": "~23.2.7",
        "@syncfusion/ej2-calendars": "~23.2.7",
        "@syncfusion/ej2-data": "~23.2.4",
        "@syncfusion/ej2-dropdowns": "~23.2.7",
        "@syncfusion/ej2-excel-export": "~23.2.4",
        "@syncfusion/ej2-inputs": "~23.2.4",
        "@syncfusion/ej2-lists": "~23.2.4",
        "@syncfusion/ej2-navigations": "~23.2.7",
        "@syncfusion/ej2-popups": "~23.2.4"
      }
    },
    "node_modules/@syncfusion/ej2-splitbuttons": {
      "version": "23.2.4",
      "resolved": "https://registry.npmjs.org/@syncfusion/ej2-splitbuttons/-/ej2-splitbuttons-23.2.4.tgz",
      "integrity": "sha512-e94DT1lfy671RUkt4A+xnYSW2Ug6rPRnircS29A3c8gqEtTghOUc0929Be7cDviIUVkvg+/oYAfgGfcS6s5pzA==",
      "dev": true,
      "license": "SEE LICENSE IN license",
      "dependencies": {
        "@syncfusion/ej2-base": "~23.2.4",
        "@syncfusion/ej2-popups": "~23.2.4"
      }
    },
    "node_modules/@syncfusion/ej2-spreadsheet": {
      "version": "23.2.7",
      "resolved": "https://registry.npmjs.org/@syncfusion/ej2-spreadsheet/-/ej2-spreadsheet-23.2.7.tgz",
      "integrity": "sha512-g4hqGTYvBclIgzF7n/fhWVvJpo0BL8IhhMKt7bVyPshyflihkvA7NJ4gVC3KT3WH3rEJZ2W2RDaK+ZPp0Aal7A==",
      "dev": true,
      "license": "SEE LICENSE IN license",
      "dependencies": {
        "@syncfusion/ej2-base": "~23.2.6",
        "@syncfusion/ej2-charts": "~23.2.7",
        "@syncfusion/ej2-dropdowns": "~23.2.7",
        "@syncfusion/ej2-grids": "~23.2.7",
        "@syncfusion/ej2-navigations": "~23.2.7"
      }
    },
    "node_modules/@syncfusion/ej2-svg-base": {
      "version": "23.2.5",
      "resolved": "https://registry.npmjs.org/@syncfusion/ej2-svg-base/-/ej2-svg-base-23.2.5.tgz",
      "integrity": "sha512-z5OcOXZi2httIaCGStfE1jHfVl72f1Wr88uUw2t9BbWmOlxVOuaJxqmZ6ah4sO5Ma8dL8bbKuqnmJ23UpLUlhA==",
      "dev": true,
      "license": "SEE LICENSE IN license",
      "dependencies": {
        "@syncfusion/ej2-base": "~23.2.4"
      }
    },
    "node_modules/@syncfusion/ej2-treegrid": {
      "version": "23.2.7",
      "resolved": "https://registry.npmjs.org/@syncfusion/ej2-treegrid/-/ej2-treegrid-23.2.7.tgz",
      "integrity": "sha512-lZOrDRIBsEWgpxM4byQk9wsQsnghSCUDY5PHpqzO9QUPyS77iQs/+vrSaC0GoH6unZJqwP2/4CMqwwkN25SfwA==",
      "dev": true,
      "license": "SEE LICENSE IN license",
      "dependencies": {
        "@syncfusion/ej2-base": "~23.2.6",
        "@syncfusion/ej2-data": "~23.2.4",
        "@syncfusion/ej2-grids": "~23.2.7",
        "@syncfusion/ej2-popups": "~23.2.4"
      }
    },
    "node_modules/@syncfusion/ej2-treemap": {
      "version": "23.2.4",
      "resolved": "https://registry.npmjs.org/@syncfusion/ej2-treemap/-/ej2-treemap-23.2.4.tgz",
      "integrity": "sha512-+726vFvrdHkdhHQv1kt+Z2CIXOzfqoI+zQiGz/zR7Pf3kPiiOA4PwqPwQEqdIgRBYIlQsSEJyT4x3Ef4OfqnBw==",
      "dev": true,
      "license": "SEE LICENSE IN license",
      "dependencies": {
        "@syncfusion/ej2-base": "~23.2.4",
        "@syncfusion/ej2-compression": "~23.2.4",
        "@syncfusion/ej2-data": "~23.2.4",
        "@syncfusion/ej2-file-utils": "~23.2.4",
        "@syncfusion/ej2-pdf-export": "~23.2.4",
        "@syncfusion/ej2-svg-base": "~23.2.4"
      }
    },
    "node_modules/@types/lodash": {
      "version": "4.14.159",
      "resolved": "https://registry.npmjs.org/@types/lodash/-/lodash-4.14.159.tgz",
      "integrity": "sha512-gF7A72f7WQN33DpqOWw9geApQPh4M3PxluMtaHxWHXEGSN12/WbcEk/eNSqWNQcQhF66VSZ06vCF94CrHwXJDg==",
      "dev": true,
      "license": "MIT"
    },
    "node_modules/@types/node": {
      "version": "18.11.11",
      "resolved": "https://registry.npmjs.org/@types/node/-/node-18.11.11.tgz",
      "integrity": "sha512-KJ021B1nlQUBLopzZmPBVuGU9un7WJd/W4ya7Ih02B4Uwky5Nja0yGYav2EfYIk0RR2Q9oVhf60S2XR1BCWJ2g==",
      "dev": true,
      "license": "MIT"
    },
    "node_modules/anymatch": {
      "version": "3.1.3",
      "resolved": "https://registry.npmjs.org/anymatch/-/anymatch-3.1.3.tgz",
      "integrity": "sha512-KMReFUr0B4t+D+OBkjR3KYqvocp2XaSzO55UcB6mgQMd3KbcE+mWTyvVV7D/zsdEbNnV6acZUutkiHQXvTr1Rw==",
      "dev": true,
      "license": "ISC",
      "dependencies": {
        "normalize-path": "^3.0.0",
        "picomatch": "^2.0.4"
      },
      "engines": {
        "node": ">= 8"
      }
    },
    "node_modules/binary-extensions": {
      "version": "2.3.0",
      "resolved": "https://registry.npmjs.org/binary-extensions/-/binary-extensions-2.3.0.tgz",
      "integrity": "sha512-Ceh+7ox5qe7LJuLHoY0feh3pHuUDHAcRUeyL2VYghZwfpkNIy/+8Ocg0a3UuSoYzavmylwuLWQOf3hl0jjMMIw==",
      "dev": true,
      "license": "MIT",
      "engines": {
        "node": ">=8"
      },
      "funding": {
        "url": "https://github.com/sponsors/sindresorhus"
      }
    },
    "node_modules/braces": {
      "version": "3.0.3",
      "resolved": "https://registry.npmjs.org/braces/-/braces-3.0.3.tgz",
      "integrity": "sha512-yQbXgO/OSZVD2IsiLlro+7Hf6Q18EJrKSEsdoMzKePKXct3gvD8oLcOQdIzGupr5Fj+EDe8gO/lxc1BzfMpxvA==",
      "dev": true,
      "license": "MIT",
      "dependencies": {
        "fill-range": "^7.1.1"
      },
      "engines": {
        "node": ">=8"
      }
    },
    "node_modules/chokidar": {
      "version": "3.6.0",
      "resolved": "https://registry.npmjs.org/chokidar/-/chokidar-3.6.0.tgz",
      "integrity": "sha512-7VT13fmjotKpGipCW9JEQAusEPE+Ei8nl6/g4FBAmIm0GOOLMua9NDDo/DWp0ZAxCr3cPq5ZpBqmPAQgDda2Pw==",
      "dev": true,
      "license": "MIT",
      "dependencies": {
        "anymatch": "~3.1.2",
        "braces": "~3.0.2",
        "glob-parent": "~5.1.2",
        "is-binary-path": "~2.1.0",
        "is-glob": "~4.0.1",
        "normalize-path": "~3.0.0",
        "readdirp": "~3.6.0"
      },
      "engines": {
        "node": ">= 8.10.0"
      },
      "funding": {
        "url": "https://paulmillr.com/funding/"
      },
      "optionalDependencies": {
        "fsevents": "~2.3.2"
      }
    },
    "node_modules/chrono-node": {
      "version": "1.4.9",
      "resolved": "https://registry.npmjs.org/chrono-node/-/chrono-node-1.4.9.tgz",
      "integrity": "sha512-mz0jOeqJLDKlbiYUjTbncNdfqm9odeuKVlxRvY15ZkFcRsUsSVJ6Rsf7V7ME6kkcfxbcG+CqnIafqqx1nu9C7A==",
      "dev": true,
      "license": "MIT",
      "dependencies": {
        "dayjs": "^1.8.19"
      }
    },
    "node_modules/dayjs": {
      "version": "1.11.23",
      "resolved": "https://registry.npmjs.org/dayjs/-/dayjs-1.11.23.tgz",
      "integrity": "sha512-QDTCU0M0MxR3hQfnlDJfwekQiaanm1ubOD231u73WBckQ/fsamwRLiE2GBz6D3a/xF1NgfiDLJjXBa1hYOYTtQ==",
      "dev": true,
      "license": "MIT"
    },
    "node_modules/fill-range": {
      "version": "7.1.1",
      "resolved": "https://registry.npmjs.org/fill-range/-/fill-range-7.1.1.tgz",
      "integrity": "sha512-YsGpe3WHLK8ZYi4tWDg2Jy3ebRz2rXowDxnld4bkQB00cc/1Zw9AWnC0i9ztDJitivtQvaI9KaLyKrc+hBW0yg==",
      "dev": true,
      "license": "MIT",
      "dependencies": {
        "to-regex-range": "^5.0.1"
      },
      "engines": {
        "node": ">=8"
      }
    },
    "node_modules/fsevents": {
      "version": "2.3.2",
      "resolved": "https://registry.npmjs.org/fsevents/-/fsevents-2.3.2.tgz",
      "integrity": "sha512-xiqMQR4xAeHTuB9uWm+fFRcIOgKBMiOBP+eXiyT7jsgVCq1bkVygt00oASowB7EdtpOHaaPgKt812P9ab+DDKA==",
      "dev": true,
      "hasInstallScript": true,
      "license": "MIT",
      "optional": true,
      "os": [
        "darwin"
      ],
      "engines": {
        "node": "^8.16.0 || ^10.6.0 || >=11.0.0"
      }
    },
    "node_modules/glob-parent": {
      "version": "5.1.2",
      "resolved": "https://registry.npmjs.org/glob-parent/-/glob-parent-5.1.2.tgz",
      "integrity": "sha512-AOIgSQCepiJYwP3ARnGx+5VnTu2HBYdzbGP45eLw1vr3zB3vZLeyed1sC9hnbcOc9/SrMyM5RPQrkGz4aS9Zow==",
      "dev": true,
      "license": "ISC",
      "dependencies": {
        "is-glob": "^4.0.1"
      },
      "engines": {
        "node": ">= 6"
      }
    },
    "node_modules/immutable": {
      "version": "4.3.9",
      "resolved": "https://registry.npmjs.org/immutable/-/immutable-4.3.9.tgz",
      "integrity": "sha512-ObHy4YN7ycwZOUCLI1/6svfyAFu7vL8RhAvVu/bh/RZW9EPlOyDaQ9jDQWCtdqzaXUjgXZCW1migtHE7YI7UGQ==",
      "dev": true,
      "license": "MIT"
    },
    "node_modules/is-binary-path": {
      "version": "2.1.0",
      "resolved": "https://registry.npmjs.org/is-binary-path/-/is-binary-path-2.1.0.tgz",
      "integrity": "sha512-ZMERYes6pDydyuGidse7OsHxtbI7WVeUEozgR/g7rd0xUimYNlvZRE/K2MgZTjWy725IfelLeVcEM97mmtRGXw==",
      "dev": true,
      "license": "MIT",
      "dependencies": {
        "binary-extensions": "^2.0.0"
      },
      "engines": {
        "node": ">=8"
      }
    },
    "node_modules/is-extglob": {
      "version": "2.1.1",
      "resolved": "https://registry.npmjs.org/is-extglob/-/is-extglob-2.1.1.tgz",
      "integrity": "sha512-SbKbANkN603Vi4jEZv49LeVJMn4yGwsbzZworEoyEiutsN3nJYdbO36zfhGJ6QEDpOZIFkDtnq5JRxmvl3jsoQ==",
      "dev": true,
      "license": "MIT",
      "engines": {
        "node": ">=0.10.0"
      }
    },
    "node_modules/is-glob": {
      "version": "4.0.3",
      "resolved": "https://registry.npmjs.org/is-glob/-/is-glob-4.0.3.tgz",
      "integrity": "sha512-xelSayHH36ZgE7ZWhli7pW34hNbNl8Ojv5KVmkJD4hBdD3th8Tfk9vYasLM+mXWOZhFkgZfxhLSnrwRr4elSSg==",
      "dev": true,
      "license": "MIT",
      "dependencies": {
        "is-extglob": "^2.1.1"
      },
      "engines": {
        "node": ">=0.10.0"
      }
    },
    "node_modules/is-number": {
      "version": "7.0.0",
      "resolved": "https://registry.npmjs.org/is-number/-/is-number-7.0.0.tgz",
      "integrity": "sha512-41Cifkg6e8TylSpdtTpeLVMqvSBEVzTttHvERD741+pnZ8ANv0004MRL43QKPDlK9cGvNp6NZWZUBlbGXYxxng==",
      "dev": true,
      "license": "MIT",
      "engines": {
        "node": ">=0.12.0"
      }
    },
    "node_modules/normalize-path": {
      "version": "3.0.0",
      "resolved": "https://registry.npmjs.org/normalize-path/-/normalize-path-3.0.0.tgz",
      "integrity": "sha512-6eZs5Ls3WtCisHWp9S2GUy8dqkpGi4BVSz3GaqiE6ezub0512ESztXUwUB6C6IKbQkY2Pnb/mD4WYojCRwcwLA==",
      "dev": true,
      "license": "MIT",
      "engines": {
        "node": ">=0.10.0"
      }
    },
    "node_modules/picomatch": {
      "version": "2.3.2",
      "resolved": "https://registry.npmjs.org/picomatch/-/picomatch-2.3.2.tgz",
      "integrity": "sha512-V7+vQEJ06Z+c5tSye8S+nHUfI51xoXIXjHQ99cQtKUkQqqO1kO/KCJUfZXuB47h/YBlDhah2H3hdUGXn8ie0oA==",
      "dev": true,
      "license": "MIT",
      "engines": {
        "node": ">=8.6"
      },
      "funding": {
        "url": "https://github.com/sponsors/jonschlinkert"
      }
    },
    "node_modules/playwright": {
      "version": "1.60.0",
      "resolved": "https://registry.npmjs.org/playwright/-/playwright-1.60.0.tgz",
      "integrity": "sha512-hheHdokM8cdqCb0lcE3s+zT4t4W+vvjpGxsZlDnikarzx8tSzMebh3UiFtgqwFwnTnjYQcsyMF8ei2mCO/tpeA==",
      "dev": true,
      "license": "Apache-2.0",
      "dependencies": {
        "playwright-core": "1.60.0"
      },
      "bin": {
        "playwright": "cli.js"
      },
      "engines": {
        "node": ">=18"
      },
      "optionalDependencies": {
        "fsevents": "2.3.2"
      }
    },
    "node_modules/playwright-core": {
      "version": "1.60.0",
      "resolved": "https://registry.npmjs.org/playwright-core/-/playwright-core-1.60.0.tgz",
      "integrity": "sha512-9bW6zvX/m0lEbgTKJ6YppOKx8H3VOPBMOCFh2irXFOT4BbHgrx5hPjwJYLT40Lu+4qtD36qKc/Hn56StUW57IA==",
      "dev": true,
      "license": "Apache-2.0",
      "bin": {
        "playwright-core": "cli.js"
      },
      "engines": {
        "node": ">=18"
      }
    },
    "node_modules/readdirp": {
      "version": "3.6.0",
      "resolved": "https://registry.npmjs.org/readdirp/-/readdirp-3.6.0.tgz",
      "integrity": "sha512-hOS089on8RduqdbhvQ5Z37A0ESjsqz6qnRcffsMU3495FuTdqSm+7bhJ29JvIOsBDEEnan5DPu9t3To9VRlMzA==",
      "dev": true,
      "license": "MIT",
      "dependencies": {
        "picomatch": "^2.2.1"
      },
      "engines": {
        "node": ">=8.10.0"
      }
    },
    "node_modules/sass": {
      "version": "1.51.0",
      "resolved": "https://registry.npmjs.org/sass/-/sass-1.51.0.tgz",
      "integrity": "sha512-haGdpTgywJTvHC2b91GSq+clTKGbtkkZmVAb82jZQN/wTy6qs8DdFm2lhEQbEwrY0QDRgSQ3xDurqM977C3noA==",
      "dev": true,
      "license": "MIT",
      "dependencies": {
        "chokidar": ">=3.0.0 <4.0.0",
        "immutable": "^4.0.0",
        "source-map-js": ">=0.6.2 <2.0.0"
      },
      "bin": {
        "sass": "sass.js"
      },
      "engines": {
        "node": ">=12.0.0"
      }
    },
    "node_modules/source-map-js": {
      "version": "1.2.2",
      "resolved": "https://registry.npmjs.org/source-map-js/-/source-map-js-1.2.2.tgz",
      "integrity": "sha512-KGj/8Y43x35aZVDtt+J4mK1hoLGHULMYfSkODJNQjNDC3oW1PqPoxMwo0pLUsWM/UEGzON/NxeHywEfNXNP3Vw==",
      "dev": true,
      "license": "BSD-3-Clause",
      "engines": {
        "node": ">=0.10.0"
      }
    },
    "node_modules/to-regex-range": {
      "version": "5.0.1",
      "resolved": "https://registry.npmjs.org/to-regex-range/-/to-regex-range-5.0.1.tgz",
      "integrity": "sha512-65P7iz6X5yEr1cwcgvQxbbIw7Uk3gOy5dIdtZ4rDveLqhrdJP+Li/Hx6tyK0NEb+2GCyneCMJiGqrADCSNk8sQ==",
      "dev": true,
      "license": "MIT",
      "dependencies": {
        "is-number": "^7.0.0"
      },
      "engines": {
        "node": ">=8.0"
      }
    },
    "node_modules/tslib": {
      "version": "1.14.1",
      "resolved": "https://registry.npmjs.org/tslib/-/tslib-1.14.1.tgz",
      "integrity": "sha512-Xni35NKzjgMrwevysHTCArtLDpPvye8zV/0E4EyYn43P7/7qvQwPh9BGkHewbMulVntbigmcT7rdX3BNo9wRJg==",
      "dev": true,
      "license": "0BSD"
    },
    "node_modules/typescript": {
      "version": "3.9.10",
      "resolved": "https://registry.npmjs.org/typescript/-/typescript-3.9.10.tgz",
      "integrity": "sha512-w6fIxVE/H1PkLKcCPsFqKE7Kv7QUwhU8qQY2MueZXWx5cPZdwFupLgKK3vntcK98BtNHZtAF4LA/yl2a7k8R6Q==",
      "dev": true,
      "license": "Apache-2.0",
      "bin": {
        "tsc": "bin/tsc",
        "tsserver": "bin/tsserver"
      },
      "engines": {
        "node": ">=4.2.0"
      }
    }
  }
}
